Microsoft Visual Studio Solution File, Format Version 12.00
# Visual Studio Version 17
VisualStudioVersion = 17.5.2.0
MinimumVisualStudioVersion = 10.0.40219.1
Project("{FAE04EC0-301F-11D3-BF4B-00C04F79EFBC}") = "ScriptureMemorizer", "Scripture\ScriptureMemorizer.csproj", "{BD286A32-D2D5-3D31-A15C-2CB87B6DC516}"
EndProject
Global
	GlobalSection(SolutionConfigurationPlatforms) = preSolution
		Debug|Any CPU = Debug|Any CPU
		Release|Any CPU = Release|Any CPU
	EndGlobalSection
	GlobalSection(ProjectConfigurationPlatforms) = postSolution
		{BD286A32-D2D5-3D31-A15C-2CB87B6DC516}.Debug|Any CPU.ActiveCfg = Debug|Any CPU
		{BD286A32-D2D5-3D31-A15C-2CB87B6DC516}.Debug|Any CPU.Build.0 = Debug|Any CPU
		{BD286A32-D2D5-3D31-A15C-2CB87B6DC516}.Release|Any CPU.ActiveCfg = Release|Any CPU
		{BD286A32-D2D5-3D31-A15C-2CB87B6DC516}.Release|Any CPU.Build.0 = Release|Any CPU
	EndGlobalSection
	GlobalSection(SolutionProperties) = preSolution
		HideSolutionNode = FALSE
	EndGlobalSection
	GlobalSection(ExtensibilityGlobals) = postSolution
		SolutionGuid = {148979EF-4E64-44F7-8897-603D5C5E9064}
	EndGlobalSection
EndGlobal
